// !$*UTF8*$!
{
	archiveVersion = 1;
	classes = {
	};
	objectVersion = 46;
	objects = {

/* Begin PBXBuildFile section */
		CFF391121B31B3ED002D837E /* AppDelegate.swift in Sources */ = {isa = PBXBuildFile; fileRef = CFF391111B31B3ED002D837E /* AppDelegate.swift */; };
		CFF391141B31B3ED002D837E /* ViewController.swift in Sources */ = {isa = PBXBuildFile; fileRef = CFF391131B31B3ED002D837E /* ViewController.swift */; };
		CFF391171B31B3ED002D837E /* Main.storyboard in Resources */ = {isa = PBXBuildFile; fileRef = CFF391151B31B3ED002D837E /* Main.storyboard */; };
		CFF391191B31B3ED002D837E /* Images.xcassets in Resources */ = {isa = PBXBuildFile; fileRef = CFF391181B31B3ED002D837E /* Images.xcassets */; };
		CFF3911C1B31B3ED002D837E /* LaunchScreen.xib in Resources */ = {isa = PBXBuildFile; fileRef = CFF3911A1B31B3ED002D837E /* LaunchScreen.xib */; };
		CFF391281B31B3EE002D837E /* CanvasManagerTests.swift in Sources */ = {isa = PBXBuildFile; fileRef = CFF391271B31B3EE002D837E /* CanvasManagerTests.swift */; };
/* End PBXBuildFile section */

/* Begin PBXContainerItemProxy section */
		CFF391221B31B3EE002D837E /* PBXContainerItemProxy */ = {
			isa = PBXContainerItemProxy;
			containerPortal = CFF391041B31B3ED002D837E /* Project object */;
			proxyType = 1;
			remoteGlobalIDString = CFF3910B1B31B3ED002D837E;
			remoteInfo = CanvasManager;
		};
/* End PBXContainerItemProxy section */

/* Begin PBXFileReference section */
		CFF3910C1B31B3ED002D837E /* CanvasManager.app */ = {isa = PBXFileReference; explicitFileType = wrapper.application; includeInIndex = 0; path = CanvasManager.app; sourceTree = BUILT_PRODUCTS_DIR; };
		CFF391101B31B3ED002D837E /* Info.plist */ = {isa = PBXFileReference; lastKnownFileType = text.plist.xml; path = Info.plist; sourceTree = "<group>"; };
		CFF391111B31B3ED002D837E /* AppDelegate.swift */ = {isa = PBXFileReference; lastKnownFileType = sourcecode.swift; path = AppDelegate.swift; sourceTree = "<group>"; };
		CFF391131B31B3ED002D837E /* ViewController.swift */ = {isa = PBXFileReference; lastKnownFileType = sourcecode.swift; path = ViewController.swift; sourceTree = "<group>"; };
		CFF391161B31B3ED002D837E /* Base */ = {isa = PBXFileReference; lastKnownFileType = file.storyboard; name = Base; path = Base.lproj/Main.storyboard; sourceTree = "<group>"; };
		CFF391181B31B3ED002D837E /* Images.xcassets */ = {isa = PBXFileReference; lastKnownFileType = folder.assetcatalog; path = Images.xcassets; sourceTree = "<group>"; };
		CFF3911B1B31B3ED002D837E /* Base */ = {isa = PBXFileReference; lastKnownFileType = file.xib; name = Base; path = Base.lproj/LaunchScreen.xib; sourceTree = "<group>"; };
		CFF391211B31B3EE002D837E /* CanvasManagerTests.xctest */ = {isa = PBXFileReference; explicitFileType = wrapper.cfbundle; includeInIndex = 0; path = CanvasManagerTests.xctest; sourceTree = BUILT_PRODUCTS_DIR; };
		CFF391261B31B3EE002D837E /* Info.plist */ = {isa = PBXFileReference; lastKnownFileType = text.plist.xml; path = Info.plist; sourceTree = "<group>"; };
		CFF391271B31B3EE002D837E /* CanvasManagerTests.swift */ = {isa = PBXFileReference; lastKnownFileType = sourcecode.swift; path = CanvasManagerTests.swift; sourceTree = "<group>"; };
/* End PBXFileReference section */

/* Begin PBXFrameworksBuildPhase section */
		CFF391091B31B3ED002D837E /* Frameworks */ = {
			isa = PBXFrameworksBuildPhase;
			buildActionMask = 2147483647;
			files = (
			);
			runOnlyForDeploymentPostprocessing = 0;
		};
		CFF3911E1B31B3EE002D837E /* Frameworks */ = {
			isa = PBXFrameworksBuildPhase;
			buildActionMask = 2147483647;
			files = (
			);
			runOnlyForDeploymentPostprocessing = 0;
		};
/* End PBXFrameworksBuildPhase section */

/* Begin PBXGroup section */
		CFF391031B31B3ED002D837E = {
			isa = PBXGroup;
			children = (
				CFF3910E1B31B3ED002D837E /* CanvasManager */,
				CFF391241B31B3EE002D837E /* CanvasManagerTests */,
				CFF3910D1B31B3ED002D837E /* Products */,
			);
			sourceTree = "<group>";
		};
		CFF3910D1B31B3ED002D837E /* Products */ = {
			isa = PBXGroup;
			children = (
				CFF3910C1B31B3ED002D837E /* CanvasManager.app */,
				CFF391211B31B3EE002D837E /* CanvasManagerTests.xctest */,
			);
			name = Products;
			sourceTree = "<group>";
		};
		CFF3910E1B31B3ED002D837E /* CanvasManager */ = {
			isa = PBXGroup;
			children = (
				CFF391111B31B3ED002D837E /* AppDelegate.swift */,
				CFF391131B31B3ED002D837E /* ViewController.swift */,
				CFF391151B31B3ED002D837E /* Main.storyboard */,
				CFF391181B31B3ED002D837E /* Images.xcassets */,
				CFF3911A1B31B3ED002D837E /* LaunchScreen.xib */,
				CFF3910F1B31B3ED002D837E /* Supporting Files */,
			);
			path = CanvasManager;
			sourceTree = "<group>";
		};
		CFF3910F1B31B3ED002D837E /* Supporting Files */ = {
			isa = PBXGroup;
			children = (
				CFF391101B31B3ED002D837E /* Info.plist */,
			);
			name = "Supporting Files";
			sourceTree = "<group>";
		};
		CFF391241B31B3EE002D837E /* CanvasManagerTests */ = {
			isa = PBXGroup;
			children = (
				CFF391271B31B3EE002D837E /* CanvasManagerTests.swift */,
				CFF391251B31B3EE002D837E /* Supporting Files */,
			);
			path = CanvasManagerTests;
			sourceTree = "<group>";
		};
		CFF391251B31B3EE002D837E /* Supporting Files */ = {
			isa = PBXGroup;
			children = (
				CFF391261B31B3EE002D837E /* Info.plist */,
			);
			name = "Supporting Files";
			sourceTree = "<group>";
		};
/* End PBXGroup section */

/* Begin PBXNativeTarget section */
		CFF3910B1B31B3ED002D837E /* CanvasManager */ = {
			isa = PBXNativeTarget;
			buildConfigurationList = CFF3912B1B31B3EE002D837E /* Build configuration list for PBXNativeTarget "CanvasManager" */;
			buildPhases = (
				CFF391081B31B3ED002D837E /* Sources */,
				CFF391091B31B3ED002D837E /* Frameworks */,
				CFF3910A1B31B3ED002D837E /* Resources */,
			);
			buildRules = (
			);
			dependencies = (
			);
			name = CanvasManager;
			productName = CanvasManager;
			productReference = CFF3910C1B31B3ED002D837E /* CanvasManager.app */;
			productType = "com.apple.product-type.application";
		};
		CFF391201B31B3EE002D837E /* CanvasManagerTests */ = {
			isa = PBXNativeTarget;
			buildConfigurationList = CFF3912E1B31B3EE002D837E /* Build configuration list for PBXNativeTarget "CanvasManagerTests" */;
			buildPhases = (
				CFF3911D1B31B3EE002D837E /* Sources */,
				CFF3911E1B31B3EE002D837E /* Frameworks */,
				CFF3911F1B31B3EE002D837E /* Resources */,
			);
			buildRules = (
			);
			dependencies = (
				CFF391231B31B3EE002D837E /* PBXTargetDependency */,
			);
			name = CanvasManagerTests;
			productName = CanvasManagerTests;
			productReference = CFF391211B31B3EE002D837E /* CanvasManagerTests.xctest */;
			productType = "com.apple.product-type.bundle.unit-test";
		};
/* End PBXNativeTarget section */

/* Begin PBXProject section */
		CFF391041B31B3ED002D837E /* Project object */ = {
			isa = PBXProject;
			attributes = {
				LastUpgradeCheck = 0630;
				ORGANIZATIONNAME = "Shyam Gosavi";
				TargetAttributes = {
					CFF3910B1B31B3ED002D837E = {
						CreatedOnToolsVersion = 6.3;
					};
					CFF391201B31B3EE002D837E = {
						CreatedOnToolsVersion = 6.3;
						TestTargetID = CFF3910B1B31B3ED002D837E;
					};
				};
			};
			buildConfigurationList = CFF391071B31B3ED002D837E /* Build configuration list for PBXProject "CanvasManager" */;
			compatibilityVersion = "Xcode 3.2";
			developmentRegion = English;
			hasScannedForEncodings = 0;
			knownRegions = (
				en,
				Base,
			);
			mainGroup = CFF391031B31B3ED002D837E;
			productRefGroup = CFF3910D1B31B3ED002D837E /* Products */;
			projectDirPath = "";
			projectRoot = "";
			targets = (
				CFF3910B1B31B3ED002D837E /* CanvasManager */,
				CFF391201B31B3EE002D837E /* CanvasManagerTests */,
			);
		};
/* End PBXProject section */

/* Begin PBXResourcesBuildPhase section */
		CFF3910A1B31B3ED002D837E /* Resources */ = {
			isa = PBXResourcesBuildPhase;
			buildActionMask = 2147483647;
			files = (
				CFF391171B31B3ED002D837E /* Main.storyboard in Resources */,
				CFF3911C1B31B3ED002D837E /* LaunchScreen.xib in Resources */,
				CFF391191B31B3ED002D837E /* Images.xcassets in Resources */,
			);
			runOnlyForDeploymentPostprocessing = 0;
		};
		CFF3911F1B31B3EE002D837E /* Resources */ = {
			isa = PBXResourcesBuildPhase;
			buildActionMask = 2147483647;
			files = (
			);
			runOnlyForDeploymentPostprocessing = 0;
		};
/* End PBXResourcesBuildPhase section */

/* Begin PBXSourcesBuildPhase section */
		CFF391081B31B3ED002D837E /* Sources */ = {
			isa = PBXSourcesBuildPhase;
			buildActionMask = 2147483647;
			files = (
				CFF391141B31B3ED002D837E /* ViewController.swift in Sources */,
				CFF391121B31B3ED002D837E /* AppDelegate.swift in Sources */,
			);
			runOnlyForDeploymentPostprocessing = 0;
		};
		CFF3911D1B31B3EE002D837E /* Sources */ = {
			isa = PBXSourcesBuildPhase;
			buildActionMask = 2147483647;
			files = (
				CFF391281B31B3EE002D837E /* CanvasManagerTests.swift in Sources */,
			);
			runOnlyForDeploymentPostprocessing = 0;
		};
/* End PBXSourcesBuildPhase section */

/* Begin PBXTargetDependency section */
		CFF391231B31B3EE002D837E /* PBXTargetDependency */ = {
			isa = PBXTargetDependency;
			target = CFF3910B1B31B3ED002D837E /* CanvasManager */;
			targetProxy = CFF391221B31B3EE002D837E /* PBXContainerItemProxy */;
		};
/* End PBXTargetDependency section */

/* Begin PBXVariantGroup section */
		CFF391151B31B3ED002D837E /* Main.storyboard */ = {
			isa = PBXVariantGroup;
			children = (
				CFF391161B31B3ED002D837E /* Base */,
			);
			name = Main.storyboard;
			sourceTree = "<group>";
		};
		CFF3911A1B31B3ED002D837E /* LaunchScreen.xib */ = {
			isa = PBXVariantGroup;
			children = (
				CFF3911B1B31B3ED002D837E /* Base */,
			);
			name = LaunchScreen.xib;
			sourceTree = "<group>";
		};
/* End PBXVariantGroup section */

/* Begin XCBuildConfiguration section */
		CFF391291B31B3EE002D837E /* Debug */ = {
			isa = XCBuildConfiguration;
			buildSettings = {
				ALWAYS_SEARCH_USER_PATHS = NO;
				CLANG_CXX_LANGUAGE_STANDARD = "gnu++0x";
				CLANG_CXX_LIBRARY = "libc++";
				CLANG_ENABLE_MODULES = YES;
				CLANG_ENABLE_OBJC_ARC = YES;
				CLANG_WARN_BOOL_CONVERSION = YES;
				CLANG_WARN_CONSTANT_CONVERSION = YES;
				CLANG_WARN_DIRECT_OBJC_ISA_USAGE = YES_ERROR;
				CLANG_WARN_EMPTY_BODY = YES;
				CLANG_WARN_ENUM_CONVERSION = YES;
				CLANG_WARN_INT_CONVERSION = YES;
				CLANG_WARN_OBJC_ROOT_CLASS = YES_ERROR;
				CLANG_WARN_UNREACHABLE_CODE = YES;
				CLANG_WARN__DUPLICATE_METHOD_MATCH = YES;
				"CODE_SIGN_IDENTITY[sdk=iphoneos*]" = "iPhone Developer";
				COPY_PHASE_STRIP = NO;
				DEBUG_INFORMATION_FORMAT = "dwarf-with-dsym";
				ENABLE_STRICT_OBJC_MSGSEND = YES;
				GCC_C_LANGUAGE_STANDARD = gnu99;
				GCC_DYNAMIC_NO_PIC = NO;
				GCC_NO_COMMON_BLOCKS = YES;
				GCC_OPTIMIZATION_LEVEL = 0;
				GCC_PREPROCESSOR_DEFINITIONS = (
					"DEBUG=1",
					"$(inherited)",
				);
				GCC_SYMBOLS_PRIVATE_EXTERN = NO;
				GCC_WARN_64_TO_32_BIT_CONVERSION = YES;
				GCC_WARN_ABOUT_RETURN_TYPE = YES_ERROR;
				GCC_WARN_UNDECLARED_SELECTOR = YES;
				GCC_WARN_UNINITIALIZED_AUTOS = YES_AGGRESSIVE;
				GCC_WARN_UNUSED_FUNCTION = YES;
				GCC_WARN_UNUSED_VARIABLE = YES;
				IPHONEOS_DEPLOYMENT_TARGET = 8.3;
				MTL_ENABLE_DEBUG_INFO = YES;
				ONLY_ACTIVE_ARCH = YES;
				SDKROOT = iphoneos;
				SWIFT_OPTIMIZATION_LEVEL = "-Onone";
				TARGETED_DEVICE_FAMILY = "1,2";
			};
			name = Debug;
		};
		CFF3912A1B31B3EE002D837E /* Release */ = {
			isa = XCBuildConfiguration;
			buildSettings = {
				ALWAYS_SEARCH_USER_PATHS = NO;
				CLANG_CXX_LANGUAGE_STANDARD = "gnu++0x";
				CLANG_CXX_LIBRARY = "libc++";
				CLANG_ENABLE_MODULES = YES;
				CLANG_ENABLE_OBJC_ARC = YES;
				CLANG_WARN_BOOL_CONVERSION = YES;
				CLANG_WARN_CONSTANT_CONVERSION = YES;
				CLANG_WARN_DIRECT_OBJC_ISA_USAGE = YES_ERROR;
				CLANG_WARN_EMPTY_BODY = YES;
				CLANG_WARN_ENUM_CONVERSION = YES;
				CLANG_WARN_INT_CONVERSION = YES;
				CLANG_WARN_OBJC_ROOT_CLASS = YES_ERROR;
				CLANG_WARN_UNREACHABLE_CODE = YES;
				CLANG_WARN__DUPLICATE_METHOD_MATCH = YES;
				"CODE_SIGN_IDENTITY[sdk=iphoneos*]" = "iPhone Developer";
				COPY_PHASE_STRIP = NO;
				DEBUG_INFORMATION_FORMAT = "dwarf-with-dsym";
				ENABLE_NS_ASSERTIONS = NO;
				ENABLE_STRICT_OBJC_MSGSEND = YES;
				GCC_C_LANGUAGE_STANDARD = gnu99;
				GCC_NO_COMMON_BLOCKS = YES;
				GCC_WARN_64_TO_32_BIT_CONVERSION = YES;
				GCC_WARN_ABOUT_RETURN_TYPE = YES_ERROR;
				GCC_WARN_UNDECLARED_SELECTOR = YES;
				GCC_WARN_UNINITIALIZED_AUTOS = YES_AGGRESSIVE;
				GCC_WARN_UNUSED_FUNCTION = YES;
				GCC_WARN_UNUSED_VARIABLE = YES;
				IPHONEOS_DEPLOYMENT_TARGET = 8.3;
				MTL_ENABLE_DEBUG_INFO = NO;
				SDKROOT = iphoneos;
				TARGETED_DEVICE_FAMILY = "1,2";
				VALIDATE_PRODUCT = YES;
			};
			name = Release;
		};
		CFF3912C1B31B3EE002D837E /* Debug */ = {
			isa = XCBuildConfiguration;
			buildSettings = {
				ASSETCATALOG_COMPILER_APPICON_NAME = AppIcon;
				INFOPLIST_FILE = CanvasManager/Info.plist;
				LD_RUNPATH_SEARCH_PATHS = "$(inherited) @executable_path/Frameworks";
				PRODUCT_NAME = "$(TARGET_NAME)";
			};
			name = Debug;
		};
		CFF3912D1B31B3EE002D837E /* Release */ = {
			isa = XCBuildConfiguration;
			buildSettings = {
				ASSETCATALOG_COMPILER_APPICON_NAME = AppIcon;
				INFOPLIST_FILE = CanvasManager/Info.plist;
				LD_RUNPATH_SEARCH_PATHS = "$(inherited) @executable_path/Frameworks";
				PRODUCT_NAME = "$(TARGET_NAME)";
			};
			name = Release;
		};
		CFF3912F1B31B3EE002D837E /* Debug */ = {
			isa = XCBuildConfiguration;
			buildSettings = {
				BUNDLE_LOADER = "$(TEST_HOST)";
				FRAMEWORK_SEARCH_PATHS = (
					"$(SDKROOT)/Developer/Library/Frameworks",
					"$(inherited)",
				);
				GCC_PREPROCESSOR_DEFINITIONS = (
					"DEBUG=1",
					"$(inherited)",
				);
				INFOPLIST_FILE = CanvasManagerTests/Info.plist;
				LD_RUNPATH_SEARCH_PATHS = "$(inherited) @executable_path/Frameworks @loader_path/Frameworks";
				PRODUCT_NAME = "$(TARGET_NAME)";
				TEST_HOST = "$(BUILT_PRODUCTS_DIR)/CanvasManager.app/CanvasManager";
			};
			name = Debug;
		};
		CFF391301B31B3EE002D837E /* Release */ = {
			isa = XCBuildConfiguration;
			buildSettings = {
				BUNDLE_LOADER = "$(TEST_HOST)";
				FRAMEWORK_SEARCH_PATHS = (
					"$(SDKROOT)/Developer/Library/Frameworks",
					"$(inherited)",
				);
				INFOPLIST_FILE = CanvasManagerTests/Info.plist;
				LD_RUNPATH_SEARCH_PATHS = "$(inherited) @executable_path/Frameworks @loader_path/Frameworks";
				PRODUCT_NAME = "$(TARGET_NAME)";
				TEST_HOST = "$(BUILT_PRODUCTS_DIR)/CanvasManager.app/CanvasManager";
			};
			name = Release;
		};
/* End XCBuildConfiguration section */

/* Begin XCConfigurationList section */
		CFF391071B31B3ED002D837E /* Build configuration list for PBXProject "CanvasManager" */ = {
			isa = XCConfigurationList;
			buildConfigurations = (
				CFF391291B31B3EE002D837E /* Debug */,
				CFF3912A1B31B3EE002D837E /* Release */,
			);
			defaultConfigurationIsVisible = 0;
			defaultConfigurationName = Release;
		};
		CFF3912B1B31B3EE002D837E /* Build configuration list for PBXNativeTarget "CanvasManager" */ = {
			isa = XCConfigurationList;
			buildConfigurations = (
				CFF3912C1B31B3EE002D837E /* Debug */,
				CFF3912D1B31B3EE002D837E /* Release */,
			);
			defaultConfigurationIsVisible = 0;
		};
		CFF3912E1B31B3EE002D837E /* Build configuration list for PBXNativeTarget "CanvasManagerTests" */ = {
			isa = XCConfigurationList;
			buildConfigurations = (
				CFF3912F1B31B3EE002D837E /* Debug */,
				CFF391301B31B3EE002D837E /* Release */,
			);
			defaultConfigurationIsVisible = 0;
		};
/* End XCConfigurationList section */
	};
	rootObject = CFF391041B31B3ED002D837E /* Project object */;
}
